
Microsoft Visual Studio Solution File, Format Version 12.00
# Visual Studio 15
VisualStudioVersion = 15.0.28010.0
MinimumVisualStudioVersion = 10.0.40219.1
Project("{FAE04EC0-301F-11D3-BF4B-00C04F79EFBC}") = "SapphireAPI", "SapphireAPI\SapphireAPI.csproj", "{BFC6FA0D-B217-48FB-8968-AA3F7B10F92C}"
EndProject
Global
	GlobalSection(SolutionConfigurationPlatforms) = preSolution
		Debug|Any CPU = Debug|Any CPU
		Release|Any CPU = Release|Any CPU
	EndGlobalSection
	GlobalSection(ProjectConfigurationPlatforms) = postSolution
		{BFC6FA0D-B217-48FB-8968-AA3F7B10F92C}.Debug|Any CPU.ActiveCfg = Debug|Any CPU
		{BFC6FA0D-B217-48FB-8968-AA3F7B10F92C}.Debug|Any CPU.Build.0 = Debug|Any CPU
		{BFC6FA0D-B217-48FB-8968-AA3F7B10F92C}.Release|Any CPU.ActiveCfg = Release|Any CPU
		{BFC6FA0D-B217-48FB-8968-AA3F7B10F92C}.Release|Any CPU.Build.0 = Release|Any CPU
	EndGlobalSection
	GlobalSection(SolutionProperties) = preSolution
		HideSolutionNode = FALSE
	EndGlobalSection
	GlobalSection(ExtensibilityGlobals) = postSolution
		SolutionGuid = {A197B84D-5396-4668-ABC7-717200DFB551}
	EndGlobalSection
EndGlobal
